github.com/chewxy/math32 v1.11.1 h1:b7PGHlp8KjylDoU8RrcEsRuGZhJuz8haxnKfuMMRqy8=
github.com/chewxy/math32 v1.11.1/go.mod h1:dOB2rcuFrCn6UHrze36WSLVPKtzPMRAQvBvUwkSsLqs=
github.com/dominikbraun/graph v0.23.0 h1:TdZB4pPqCLFxYhdyMFb1TBdFxp8XLcJfTTBQucVPgCo=
github.com/dominikbraun/graph v0.23.0/go.mod h1:yOjYyogZLY1LSG9E33JWZJiq5k83Qy2C6POAuiViluc=
github.com/golang/geo v0.0.0-20251125140653-09e2dd3603dd h1:aL71U44NmpsvVa8k5Zgtc57+t9VRIyahGt8l/OsSTIM=
github.com/golang/geo v0.0.0-20251125140653-09e2dd3603dd/go.mod h1:Mymr9kRGDc64JPr03TSZmuIBODZ3KyswLzm1xL0HFA8=
github.com/ungerik/go3d v0.0.0-20251020194721-1bde1320d420 h1:Ziz6uKC//mt/aOs61IMzk+a7XyMzTaMcJBQFwUx2LXc=
github.com/ungerik/go3d v0.0.0-20251020194721-1bde1320d420/go.mod h1:4OT7jWjZCxpaqXQHhYO54/UBbHpEuw0OCx8nIS8rvyI=
